PODS:
  - Alamofire (5.6.2)
  - Kingfisher/Core (5.15.8)
  - Kingfisher/SwiftUI (5.15.8):
    - Kingfisher/Core
  - Moya (15.0.0):
    - Moya/Core (= 15.0.0)
  - Moya/Core (15.0.0):
    - Alamofire (~> 5.0)
  - Moya/RxSwift (15.0.0):
    - Moya/Core
    - RxSwift (~> 6.0)
  - RxSwift (6.5.0)
  - Swinject (2.8.2)

DEPENDENCIES:
  - Kingfisher/SwiftUI
  - Moya (~> 15.0)
  - Moya/RxSwift (~> 15.0)
  - Swinject

SPEC REPOS:
  trunk:
    - Alamofire
    - Kingfisher
    - Moya
    - RxSwift
    - Swinject

SPEC CHECKSUMS:
  Alamofire: d368e1ff8a298e6dde360e35a3e68e6c610e7204
  Kingfisher: a3c03d702433fa6cfedabb2bddbe076fb8f2e902
  Moya: 138f0573e53411fb3dc17016add0b748dfbd78ee
  RxSwift: 5710a9e6b17f3c3d6e40d6e559b9fa1e813b2ef8
  Swinject: b4a11b31992e8668308dc594ba1cb9b3164a37ab

PODFILE CHECKSUM: 1bffea2394fc6b4709fc43d67d924929308c3fe7

COCOAPODS: 1.11.3
