PODS:
  - Alamofire (5.6.2)
  - Kingfisher (7.4.0)
  - Moya (15.0.0):
    - Moya/Core (= 15.0.0)
  - Moya/Core (15.0.0):
    - Alamofire (~> 5.0)
  - Moya/RxSwift (15.0.0):
    - Moya/Core
    - RxSwift (~> 6.0)
  - RxSwift (6.5.0)

DEPENDENCIES:
  - Kingfisher (~> 7.0)
  - Moya (~> 15.0)
  - Moya/RxSwift (~> 15.0)

SPEC REPOS:
  trunk:
    - Alamofire
    - Kingfisher
    - Moya
    - RxSwift

SPEC CHECKSUMS:
  Alamofire: d368e1ff8a298e6dde360e35a3e68e6c610e7204
  Kingfisher: 596b207973051aae5e4c54a1c1cb39837ea10d36
  Moya: 138f0573e53411fb3dc17016add0b748dfbd78ee
  RxSwift: 5710a9e6b17f3c3d6e40d6e559b9fa1e813b2ef8

PODFILE CHECKSUM: 7a802eea22a94c636710ba44d1896631f5b5be4a

COCOAPODS: 1.11.3
