// !$*UTF8*$!
{
	archiveVersion = 1;
	classes = {
	};
	objectVersion = 56;
	objects = {

/* Begin PBXBuildFile section */
		3A23936D0931E46DD8FD4007 /* Pods_kiliaroTest.framework in Frameworks */ = {isa = PBXBuildFile; fileRef = FEFA3AD3B16FDBA07E67084B /* Pods_kiliaroTest.framework */; };
		3C15D5F4B38CB16AE356650C /* Pods_kiliaroTestTests.framework in Frameworks */ = {isa = PBXBuildFile; fileRef = 205F816A7F7FAD7A9ED56FAC /* Pods_kiliaroTestTests.framework */; };
		9C726CBD26D252BBE2FEAA59 /* Pods_kiliaroTest_kiliaroTestUITests.framework in Frameworks */ = {isa = PBXBuildFile; fileRef = 1B5F9904137C9A2572F78D37 /* Pods_kiliaroTest_kiliaroTestUITests.framework */; };
		FA37FB47292F70B1009CDF89 /* kiliaroTestApp.swift in Sources */ = {isa = PBXBuildFile; fileRef = FA37FB46292F70B1009CDF89 /* kiliaroTestApp.swift */; };
		FA37FB49292F70B1009CDF89 /* ContentView.swift in Sources */ = {isa = PBXBuildFile; fileRef = FA37FB48292F70B1009CDF89 /* ContentView.swift */; };
		FA37FB4B292F70B2009CDF89 /* Assets.xcassets in Resources */ = {isa = PBXBuildFile; fileRef = FA37FB4A292F70B2009CDF89 /* Assets.xcassets */; };
		FA37FB4E292F70B2009CDF89 /* Preview Assets.xcassets in Resources */ = {isa = PBXBuildFile; fileRef = FA37FB4D292F70B2009CDF89 /* Preview Assets.xcassets */; };
		FA37FB58292F70B2009CDF89 /* kiliaroTestTests.swift in Sources */ = {isa = PBXBuildFile; fileRef = FA37FB57292F70B2009CDF89 /* kiliaroTestTests.swift */; };
		FA37FB62292F70B2009CDF89 /* kiliaroTestUITests.swift in Sources */ = {isa = PBXBuildFile; fileRef = FA37FB61292F70B2009CDF89 /* kiliaroTestUITests.swift */; };
		FA37FB64292F70B2009CDF89 /* kiliaroTestUITestsLaunchTests.swift in Sources */ = {isa = PBXBuildFile; fileRef = FA37FB63292F70B2009CDF89 /* kiliaroTestUITestsLaunchTests.swift */; };
		FA69DFC3292F734700990F57 /* handleResponse.swift in Sources */ = {isa = PBXBuildFile; fileRef = FA69DFBB292F734700990F57 /* handleResponse.swift */; };
		FA69DFC4292F734700990F57 /* Token.swift in Sources */ = {isa = PBXBuildFile; fileRef = FA69DFBC292F734700990F57 /* Token.swift */; };
		FA69DFC5292F734700990F57 /* AuthService.swift in Sources */ = {isa = PBXBuildFile; fileRef = FA69DFBD292F734700990F57 /* AuthService.swift */; };
		FA69DFC6292F734700990F57 /* Constants.swift in Sources */ = {isa = PBXBuildFile; fileRef = FA69DFBE292F734700990F57 /* Constants.swift */; };
		FA69DFC7292F734700990F57 /* BaseService.swift in Sources */ = {isa = PBXBuildFile; fileRef = FA69DFBF292F734700990F57 /* BaseService.swift */; };
		FA69DFC8292F734700990F57 /* BaseApi.swift in Sources */ = {isa = PBXBuildFile; fileRef = FA69DFC0292F734700990F57 /* BaseApi.swift */; };
		FA69DFC9292F734700990F57 /* Font.swift in Sources */ = {isa = PBXBuildFile; fileRef = FA69DFC1292F734700990F57 /* Font.swift */; };
		FA69DFCA292F734700990F57 /* ResponseError.swift in Sources */ = {isa = PBXBuildFile; fileRef = FA69DFC2292F734700990F57 /* ResponseError.swift */; };
		FA69DFD0292F77E700990F57 /* GalleryPage.swift in Sources */ = {isa = PBXBuildFile; fileRef = FA69DFCF292F77E700990F57 /* GalleryPage.swift */; };
		FA69DFD3292F782700990F57 /* ImageModel.swift in Sources */ = {isa = PBXBuildFile; fileRef = FA69DFD2292F782700990F57 /* ImageModel.swift */; };
		FA69DFD5292F7C3C00990F57 /* GalleryViewModel.swift in Sources */ = {isa = PBXBuildFile; fileRef = FA69DFD4292F7C3C00990F57 /* GalleryViewModel.swift */; };
		FA69DFD8292F7CFC00990F57 /* GalleryRepositoryImpl.swift in Sources */ = {isa = PBXBuildFile; fileRef = FA69DFD7292F7CFC00990F57 /* GalleryRepositoryImpl.swift */; };
		FA69DFDB292F7D5300990F57 /* GalleryDataSource.swift in Sources */ = {isa = PBXBuildFile; fileRef = FA69DFDA292F7D5300990F57 /* GalleryDataSource.swift */; };
		FA69DFDD292F861600990F57 /* GalleryRepository.swift in Sources */ = {isa = PBXBuildFile; fileRef = FA69DFDC292F861600990F57 /* GalleryRepository.swift */; };
/* End PBXBuildFile section */

/* Begin PBXContainerItemProxy section */
		FA37FB54292F70B2009CDF89 /* PBXContainerItemProxy */ = {
			isa = PBXContainerItemProxy;
			containerPortal = FA37FB3B292F70B0009CDF89 /* Project object */;
			proxyType = 1;
			remoteGlobalIDString = FA37FB42292F70B0009CDF89;
			remoteInfo = kiliaroTest;
		};
		FA37FB5E292F70B2009CDF89 /* PBXContainerItemProxy */ = {
			isa = PBXContainerItemProxy;
			containerPortal = FA37FB3B292F70B0009CDF89 /* Project object */;
			proxyType = 1;
			remoteGlobalIDString = FA37FB42292F70B0009CDF89;
			remoteInfo = kiliaroTest;
		};
/* End PBXContainerItemProxy section */

/* Begin PBXFileReference section */
		0001599A531FDE530F9FF54A /* Pods-kiliaroTest.release.xcconfig */ = {isa = PBXFileReference; includeInIndex = 1; lastKnownFileType = text.xcconfig; name = "Pods-kiliaroTest.release.xcconfig"; path = "Target Support Files/Pods-kiliaroTest/Pods-kiliaroTest.release.xcconfig"; sourceTree = "<group>"; };
		1B5F9904137C9A2572F78D37 /* Pods_kiliaroTest_kiliaroTestUITests.framework */ = {isa = PBXFileReference; explicitFileType = wrapper.framework; includeInIndex = 0; path = Pods_kiliaroTest_kiliaroTestUITests.framework; sourceTree = BUILT_PRODUCTS_DIR; };
		205F816A7F7FAD7A9ED56FAC /* Pods_kiliaroTestTests.framework */ = {isa = PBXFileReference; explicitFileType = wrapper.framework; includeInIndex = 0; path = Pods_kiliaroTestTests.framework; sourceTree = BUILT_PRODUCTS_DIR; };
		624AF79F3D32DB185E90449F /* Pods-kiliaroTestTests.debug.xcconfig */ = {isa = PBXFileReference; includeInIndex = 1; lastKnownFileType = text.xcconfig; name = "Pods-kiliaroTestTests.debug.xcconfig"; path = "Target Support Files/Pods-kiliaroTestTests/Pods-kiliaroTestTests.debug.xcconfig"; sourceTree = "<group>"; };
		790573BDF75FAD31D5E782DB /* Pods-kiliaroTestTests.release.xcconfig */ = {isa = PBXFileReference; includeInIndex = 1; lastKnownFileType = text.xcconfig; name = "Pods-kiliaroTestTests.release.xcconfig"; path = "Target Support Files/Pods-kiliaroTestTests/Pods-kiliaroTestTests.release.xcconfig"; sourceTree = "<group>"; };
		7C465AA8C364AFFC7396A653 /* Pods-kiliaroTest.debug.xcconfig */ = {isa = PBXFileReference; includeInIndex = 1; lastKnownFileType = text.xcconfig; name = "Pods-kiliaroTest.debug.xcconfig"; path = "Target Support Files/Pods-kiliaroTest/Pods-kiliaroTest.debug.xcconfig"; sourceTree = "<group>"; };
		905560BA046B40432A1B680B /* Pods-kiliaroTest-kiliaroTestUITests.debug.xcconfig */ = {isa = PBXFileReference; includeInIndex = 1; lastKnownFileType = text.xcconfig; name = "Pods-kiliaroTest-kiliaroTestUITests.debug.xcconfig"; path = "Target Support Files/Pods-kiliaroTest-kiliaroTestUITests/Pods-kiliaroTest-kiliaroTestUITests.debug.xcconfig"; sourceTree = "<group>"; };
		ACC695954E99837B0AF6690E /* Pods-kiliaroTest-kiliaroTestUITests.release.xcconfig */ = {isa = PBXFileReference; includeInIndex = 1; lastKnownFileType = text.xcconfig; name = "Pods-kiliaroTest-kiliaroTestUITests.release.xcconfig"; path = "Target Support Files/Pods-kiliaroTest-kiliaroTestUITests/Pods-kiliaroTest-kiliaroTestUITests.release.xcconfig"; sourceTree = "<group>"; };
		FA37FB43292F70B1009CDF89 /* kiliaroTest.app */ = {isa = PBXFileReference; explicitFileType = wrapper.application; includeInIndex = 0; path = kiliaroTest.app; sourceTree = BUILT_PRODUCTS_DIR; };
		FA37FB46292F70B1009CDF89 /* kiliaroTestApp.swift */ = {isa = PBXFileReference; lastKnownFileType = sourcecode.swift; path = kiliaroTestApp.swift; sourceTree = "<group>"; };
		FA37FB48292F70B1009CDF89 /* ContentView.swift */ = {isa = PBXFileReference; lastKnownFileType = sourcecode.swift; path = ContentView.swift; sourceTree = "<group>"; };
		FA37FB4A292F70B2009CDF89 /* Assets.xcassets */ = {isa = PBXFileReference; lastKnownFileType = folder.assetcatalog; path = Assets.xcassets; sourceTree = "<group>"; };
		FA37FB4D292F70B2009CDF89 /* Preview Assets.xcassets */ = {isa = PBXFileReference; lastKnownFileType = folder.assetcatalog; path = "Preview Assets.xcassets"; sourceTree = "<group>"; };
		FA37FB53292F70B2009CDF89 /* kiliaroTestTests.xctest */ = {isa = PBXFileReference; explicitFileType = wrapper.cfbundle; includeInIndex = 0; path = kiliaroTestTests.xctest; sourceTree = BUILT_PRODUCTS_DIR; };
		FA37FB57292F70B2009CDF89 /* kiliaroTestTests.swift */ = {isa = PBXFileReference; lastKnownFileType = sourcecode.swift; path = kiliaroTestTests.swift; sourceTree = "<group>"; };
		FA37FB5D292F70B2009CDF89 /* kiliaroTestUITests.xctest */ = {isa = PBXFileReference; explicitFileType = wrapper.cfbundle; includeInIndex = 0; path = kiliaroTestUITests.xctest; sourceTree = BUILT_PRODUCTS_DIR; };
		FA37FB61292F70B2009CDF89 /* kiliaroTestUITests.swift */ = {isa = PBXFileReference; lastKnownFileType = sourcecode.swift; path = kiliaroTestUITests.swift; sourceTree = "<group>"; };
		FA37FB63292F70B2009CDF89 /* kiliaroTestUITestsLaunchTests.swift */ = {isa = PBXFileReference; lastKnownFileType = sourcecode.swift; path = kiliaroTestUITestsLaunchTests.swift; sourceTree = "<group>"; };
		FA69DFBB292F734700990F57 /* handleResponse.swift */ = {isa = PBXFileReference; fileEncoding = 4; lastKnownFileType = sourcecode.swift; path = handleResponse.swift; sourceTree = "<group>"; };
		FA69DFBC292F734700990F57 /* Token.swift */ = {isa = PBXFileReference; fileEncoding = 4; lastKnownFileType = sourcecode.swift; path = Token.swift; sourceTree = "<group>"; };
		FA69DFBD292F734700990F57 /* AuthService.swift */ = {isa = PBXFileReference; fileEncoding = 4; lastKnownFileType = sourcecode.swift; path = AuthService.swift; sourceTree = "<group>"; };
		FA69DFBE292F734700990F57 /* Constants.swift */ = {isa = PBXFileReference; fileEncoding = 4; lastKnownFileType = sourcecode.swift; path = Constants.swift; sourceTree = "<group>"; };
		FA69DFBF292F734700990F57 /* BaseService.swift */ = {isa = PBXFileReference; fileEncoding = 4; lastKnownFileType = sourcecode.swift; path = BaseService.swift; sourceTree = "<group>"; };
		FA69DFC0292F734700990F57 /* BaseApi.swift */ = {isa = PBXFileReference; fileEncoding = 4; lastKnownFileType = sourcecode.swift; path = BaseApi.swift; sourceTree = "<group>"; };
		FA69DFC1292F734700990F57 /* Font.swift */ = {isa = PBXFileReference; fileEncoding = 4; lastKnownFileType = sourcecode.swift; path = Font.swift; sourceTree = "<group>"; };
		FA69DFC2292F734700990F57 /* ResponseError.swift */ = {isa = PBXFileReference; fileEncoding = 4; lastKnownFileType = sourcecode.swift; path = ResponseError.swift; sourceTree = "<group>"; };
		FA69DFCF292F77E700990F57 /* GalleryPage.swift */ = {isa = PBXFileReference; lastKnownFileType = sourcecode.swift; path = GalleryPage.swift; sourceTree = "<group>"; };
		FA69DFD2292F782700990F57 /* ImageModel.swift */ = {isa = PBXFileReference; lastKnownFileType = sourcecode.swift; path = ImageModel.swift; sourceTree = "<group>"; };
		FA69DFD4292F7C3C00990F57 /* GalleryViewModel.swift */ = {isa = PBXFileReference; lastKnownFileType = sourcecode.swift; path = GalleryViewModel.swift; sourceTree = "<group>"; };
		FA69DFD7292F7CFC00990F57 /* GalleryRepositoryImpl.swift */ = {isa = PBXFileReference; lastKnownFileType = sourcecode.swift; path = GalleryRepositoryImpl.swift; sourceTree = "<group>"; };
		FA69DFDA292F7D5300990F57 /* GalleryDataSource.swift */ = {isa = PBXFileReference; lastKnownFileType = sourcecode.swift; path = GalleryDataSource.swift; sourceTree = "<group>"; };
		FA69DFDC292F861600990F57 /* GalleryRepository.swift */ = {isa = PBXFileReference; lastKnownFileType = sourcecode.swift; path = GalleryRepository.swift; sourceTree = "<group>"; };
		FEFA3AD3B16FDBA07E67084B /* Pods_kiliaroTest.framework */ = {isa = PBXFileReference; explicitFileType = wrapper.framework; includeInIndex = 0; path = Pods_kiliaroTest.framework; sourceTree = BUILT_PRODUCTS_DIR; };
/* End PBXFileReference section */

/* Begin PBXFrameworksBuildPhase section */
		FA37FB40292F70B0009CDF89 /* Frameworks */ = {
			isa = PBXFrameworksBuildPhase;
			buildActionMask = 2147483647;
			files = (
				3A23936D0931E46DD8FD4007 /* Pods_kiliaroTest.framework in Frameworks */,
			);
			runOnlyForDeploymentPostprocessing = 0;
		};
		FA37FB50292F70B2009CDF89 /* Frameworks */ = {
			isa = PBXFrameworksBuildPhase;
			buildActionMask = 2147483647;
			files = (
				3C15D5F4B38CB16AE356650C /* Pods_kiliaroTestTests.framework in Frameworks */,
			);
			runOnlyForDeploymentPostprocessing = 0;
		};
		FA37FB5A292F70B2009CDF89 /* Frameworks */ = {
			isa = PBXFrameworksBuildPhase;
			buildActionMask = 2147483647;
			files = (
				9C726CBD26D252BBE2FEAA59 /* Pods_kiliaroTest_kiliaroTestUITests.framework in Frameworks */,
			);
			runOnlyForDeploymentPostprocessing = 0;
		};
/* End PBXFrameworksBuildPhase section */

/* Begin PBXGroup section */
		339ACDBC1DE2D71134C5CFEA /* Frameworks */ = {
			isa = PBXGroup;
			children = (
				FEFA3AD3B16FDBA07E67084B /* Pods_kiliaroTest.framework */,
				1B5F9904137C9A2572F78D37 /* Pods_kiliaroTest_kiliaroTestUITests.framework */,
				205F816A7F7FAD7A9ED56FAC /* Pods_kiliaroTestTests.framework */,
			);
			name = Frameworks;
			sourceTree = "<group>";
		};
		593F0764E7287C6155D6164D /* Pods */ = {
			isa = PBXGroup;
			children = (
				7C465AA8C364AFFC7396A653 /* Pods-kiliaroTest.debug.xcconfig */,
				0001599A531FDE530F9FF54A /* Pods-kiliaroTest.release.xcconfig */,
				905560BA046B40432A1B680B /* Pods-kiliaroTest-kiliaroTestUITests.debug.xcconfig */,
				ACC695954E99837B0AF6690E /* Pods-kiliaroTest-kiliaroTestUITests.release.xcconfig */,
				624AF79F3D32DB185E90449F /* Pods-kiliaroTestTests.debug.xcconfig */,
				790573BDF75FAD31D5E782DB /* Pods-kiliaroTestTests.release.xcconfig */,
			);
			path = Pods;
			sourceTree = "<group>";
		};
		FA37FB3A292F70B0009CDF89 = {
			isa = PBXGroup;
			children = (
				FA37FB45292F70B1009CDF89 /* kiliaroTest */,
				FA37FB56292F70B2009CDF89 /* kiliaroTestTests */,
				FA37FB60292F70B2009CDF89 /* kiliaroTestUITests */,
				FA37FB44292F70B1009CDF89 /* Products */,
				593F0764E7287C6155D6164D /* Pods */,
				339ACDBC1DE2D71134C5CFEA /* Frameworks */,
			);
			sourceTree = "<group>";
		};
		FA37FB44292F70B1009CDF89 /* Products */ = {
			isa = PBXGroup;
			children = (
				FA37FB43292F70B1009CDF89 /* kiliaroTest.app */,
				FA37FB53292F70B2009CDF89 /* kiliaroTestTests.xctest */,
				FA37FB5D292F70B2009CDF89 /* kiliaroTestUITests.xctest */,
			);
			name = Products;
			sourceTree = "<group>";
		};
		FA37FB45292F70B1009CDF89 /* kiliaroTest */ = {
			isa = PBXGroup;
			children = (
				FA69DFD1292F780400990F57 /* Data */,
				FA69DFCD292F77BE00990F57 /* Domain */,
				FA69DFCC292F77B000990F57 /* Presentation */,
				FA69DFBA292F730B00990F57 /* Core */,
				FA37FB46292F70B1009CDF89 /* kiliaroTestApp.swift */,
				FA37FB48292F70B1009CDF89 /* ContentView.swift */,
				FA37FB4A292F70B2009CDF89 /* Assets.xcassets */,
				FA37FB4C292F70B2009CDF89 /* Preview Content */,
			);
			path = kiliaroTest;
			sourceTree = "<group>";
		};
		FA37FB4C292F70B2009CDF89 /* Preview Content */ = {
			isa = PBXGroup;
			children = (
				FA37FB4D292F70B2009CDF89 /* Preview Assets.xcassets */,
			);
			path = "Preview Content";
			sourceTree = "<group>";
		};
		FA37FB56292F70B2009CDF89 /* kiliaroTestTests */ = {
			isa = PBXGroup;
			children = (
				FA37FB57292F70B2009CDF89 /* kiliaroTestTests.swift */,
			);
			path = kiliaroTestTests;
			sourceTree = "<group>";
		};
		FA37FB60292F70B2009CDF89 /* kiliaroTestUITests */ = {
			isa = PBXGroup;
			children = (
				FA37FB61292F70B2009CDF89 /* kiliaroTestUITests.swift */,
				FA37FB63292F70B2009CDF89 /* kiliaroTestUITestsLaunchTests.swift */,
			);
			path = kiliaroTestUITests;
			sourceTree = "<group>";
		};
		FA69DFBA292F730B00990F57 /* Core */ = {
			isa = PBXGroup;
			children = (
				FA69DFCB292F764500990F57 /* Network */,
				FA69DFBE292F734700990F57 /* Constants.swift */,
				FA69DFC1292F734700990F57 /* Font.swift */,
			);
			path = Core;
			sourceTree = "<group>";
		};
		FA69DFCB292F764500990F57 /* Network */ = {
			isa = PBXGroup;
			children = (
				FA69DFBD292F734700990F57 /* AuthService.swift */,
				FA69DFC0292F734700990F57 /* BaseApi.swift */,
				FA69DFBF292F734700990F57 /* BaseService.swift */,
				FA69DFBB292F734700990F57 /* handleResponse.swift */,
				FA69DFC2292F734700990F57 /* ResponseError.swift */,
				FA69DFBC292F734700990F57 /* Token.swift */,
			);
			path = Network;
			sourceTree = "<group>";
		};
		FA69DFCC292F77B000990F57 /* Presentation */ = {
			isa = PBXGroup;
			children = (
				FA69DFCE292F77CB00990F57 /* Gallery */,
			);
			path = Presentation;
			sourceTree = "<group>";
		};
		FA69DFCD292F77BE00990F57 /* Domain */ = {
			isa = PBXGroup;
			children = (
				FA69DFDC292F861600990F57 /* GalleryRepository.swift */,
			);
			path = Domain;
			sourceTree = "<group>";
		};
		FA69DFCE292F77CB00990F57 /* Gallery */ = {
			isa = PBXGroup;
			children = (
				FA69DFCF292F77E700990F57 /* GalleryPage.swift */,
				FA69DFD4292F7C3C00990F57 /* GalleryViewModel.swift */,
			);
			path = Gallery;
			sourceTree = "<group>";
		};
		FA69DFD1292F780400990F57 /* Data */ = {
			isa = PBXGroup;
			children = (
				FA69DFDE292F870500990F57 /* Models */,
				FA69DFD9292F7D2000990F57 /* DataSources */,
				FA69DFD6292F7CD300990F57 /* Repository */,
			);
			path = Data;
			sourceTree = "<group>";
		};
		FA69DFD6292F7CD300990F57 /* Repository */ = {
			isa = PBXGroup;
			children = (
				FA69DFD7292F7CFC00990F57 /* GalleryRepositoryImpl.swift */,
			);
			path = Repository;
			sourceTree = "<group>";
		};
		FA69DFD9292F7D2000990F57 /* DataSources */ = {
			isa = PBXGroup;
			children = (
				FA69DFDA292F7D5300990F57 /* GalleryDataSource.swift */,
			);
			path = DataSources;
			sourceTree = "<group>";
		};
		FA69DFDE292F870500990F57 /* Models */ = {
			isa = PBXGroup;
			children = (
				FA69DFD2292F782700990F57 /* ImageModel.swift */,
			);
			path = Models;
			sourceTree = "<group>";
		};
/* End PBXGroup section */

/* Begin PBXNativeTarget section */
		FA37FB42292F70B0009CDF89 /* kiliaroTest */ = {
			isa = PBXNativeTarget;
			buildConfigurationList = FA37FB67292F70B2009CDF89 /* Build configuration list for PBXNativeTarget "kiliaroTest" */;
			buildPhases = (
				345C4C4188F2F299E4FC112A /* [CP] Check Pods Manifest.lock */,
				FA37FB3F292F70B0009CDF89 /* Sources */,
				FA37FB40292F70B0009CDF89 /* Frameworks */,
				FA37FB41292F70B0009CDF89 /* Resources */,
				294B675C75DA32AF4E7B39D7 /* [CP] Embed Pods Frameworks */,
			);
			buildRules = (
			);
			dependencies = (
			);
			name = kiliaroTest;
			productName = kiliaroTest;
			productReference = FA37FB43292F70B1009CDF89 /* kiliaroTest.app */;
			productType = "com.apple.product-type.application";
		};
		FA37FB52292F70B2009CDF89 /* kiliaroTestTests */ = {
			isa = PBXNativeTarget;
			buildConfigurationList = FA37FB6A292F70B2009CDF89 /* Build configuration list for PBXNativeTarget "kiliaroTestTests" */;
			buildPhases = (
				1F6AB7D404100B20B25ACCE2 /* [CP] Check Pods Manifest.lock */,
				FA37FB4F292F70B2009CDF89 /* Sources */,
				FA37FB50292F70B2009CDF89 /* Frameworks */,
				FA37FB51292F70B2009CDF89 /* Resources */,
			);
			buildRules = (
			);
			dependencies = (
				FA37FB55292F70B2009CDF89 /* PBXTargetDependency */,
			);
			name = kiliaroTestTests;
			productName = kiliaroTestTests;
			productReference = FA37FB53292F70B2009CDF89 /* kiliaroTestTests.xctest */;
			productType = "com.apple.product-type.bundle.unit-test";
		};
		FA37FB5C292F70B2009CDF89 /* kiliaroTestUITests */ = {
			isa = PBXNativeTarget;
			buildConfigurationList = FA37FB6D292F70B2009CDF89 /* Build configuration list for PBXNativeTarget "kiliaroTestUITests" */;
			buildPhases = (
				31B3F87F842CC48072F69233 /* [CP] Check Pods Manifest.lock */,
				FA37FB59292F70B2009CDF89 /* Sources */,
				FA37FB5A292F70B2009CDF89 /* Frameworks */,
				FA37FB5B292F70B2009CDF89 /* Resources */,
				0BB5F9B19268859FC164903A /* [CP] Embed Pods Frameworks */,
			);
			buildRules = (
			);
			dependencies = (
				FA37FB5F292F70B2009CDF89 /* PBXTargetDependency */,
			);
			name = kiliaroTestUITests;
			productName = kiliaroTestUITests;
			productReference = FA37FB5D292F70B2009CDF89 /* kiliaroTestUITests.xctest */;
			productType = "com.apple.product-type.bundle.ui-testing";
		};
/* End PBXNativeTarget section */

/* Begin PBXProject section */
		FA37FB3B292F70B0009CDF89 /* Project object */ = {
			isa = PBXProject;
			attributes = {
				BuildIndependentTargetsInParallel = 1;
				LastSwiftUpdateCheck = 1410;
				LastUpgradeCheck = 1410;
				TargetAttributes = {
					FA37FB42292F70B0009CDF89 = {
						CreatedOnToolsVersion = 14.1;
					};
					FA37FB52292F70B2009CDF89 = {
						CreatedOnToolsVersion = 14.1;
						TestTargetID = FA37FB42292F70B0009CDF89;
					};
					FA37FB5C292F70B2009CDF89 = {
						CreatedOnToolsVersion = 14.1;
						TestTargetID = FA37FB42292F70B0009CDF89;
					};
				};
			};
			buildConfigurationList = FA37FB3E292F70B0009CDF89 /* Build configuration list for PBXProject "kiliaroTest" */;
			compatibilityVersion = "Xcode 14.0";
			developmentRegion = en;
			hasScannedForEncodings = 0;
			knownRegions = (
				en,
				Base,
			);
			mainGroup = FA37FB3A292F70B0009CDF89;
			productRefGroup = FA37FB44292F70B1009CDF89 /* Products */;
			projectDirPath = "";
			projectRoot = "";
			targets = (
				FA37FB42292F70B0009CDF89 /* kiliaroTest */,
				FA37FB52292F70B2009CDF89 /* kiliaroTestTests */,
				FA37FB5C292F70B2009CDF89 /* kiliaroTestUITests */,
			);
		};
/* End PBXProject section */

/* Begin PBXResourcesBuildPhase section */
		FA37FB41292F70B0009CDF89 /* Resources */ = {
			isa = PBXResourcesBuildPhase;
			buildActionMask = 2147483647;
			files = (
				FA37FB4E292F70B2009CDF89 /* Preview Assets.xcassets in Resources */,
				FA37FB4B292F70B2009CDF89 /* Assets.xcassets in Resources */,
			);
			runOnlyForDeploymentPostprocessing = 0;
		};
		FA37FB51292F70B2009CDF89 /* Resources */ = {
			isa = PBXResourcesBuildPhase;
			buildActionMask = 2147483647;
			files = (
			);
			runOnlyForDeploymentPostprocessing = 0;
		};
		FA37FB5B292F70B2009CDF89 /* Resources */ = {
			isa = PBXResourcesBuildPhase;
			buildActionMask = 2147483647;
			files = (
			);
			runOnlyForDeploymentPostprocessing = 0;
		};
/* End PBXResourcesBuildPhase section */

/* Begin PBXShellScriptBuildPhase section */
		0BB5F9B19268859FC164903A /* [CP] Embed Pods Frameworks */ = {
			isa = PBXShellScriptBuildPhase;
			buildActionMask = 2147483647;
			files = (
			);
			inputFileListPaths = (
				"${PODS_ROOT}/Target Support Files/Pods-kiliaroTest-kiliaroTestUITests/Pods-kiliaroTest-kiliaroTestUITests-frameworks-${CONFIGURATION}-input-files.xcfilelist",
			);
			name = "[CP] Embed Pods Frameworks";
			outputFileListPaths = (
				"${PODS_ROOT}/Target Support Files/Pods-kiliaroTest-kiliaroTestUITests/Pods-kiliaroTest-kiliaroTestUITests-frameworks-${CONFIGURATION}-output-files.xcfilelist",
			);
			runOnlyForDeploymentPostprocessing = 0;
			shellPath = /bin/sh;
			shellScript = "\"${PODS_ROOT}/Target Support Files/Pods-kiliaroTest-kiliaroTestUITests/Pods-kiliaroTest-kiliaroTestUITests-frameworks.sh\"\n";
			showEnvVarsInLog = 0;
		};
		1F6AB7D404100B20B25ACCE2 /* [CP] Check Pods Manifest.lock */ = {
			isa = PBXShellScriptBuildPhase;
			buildActionMask = 2147483647;
			files = (
			);
			inputFileListPaths = (
			);
			inputPaths = (
				"${PODS_PODFILE_DIR_PATH}/Podfile.lock",
				"${PODS_ROOT}/Manifest.lock",
			);
			name = "[CP] Check Pods Manifest.lock";
			outputFileListPaths = (
			);
			outputPaths = (
				"$(DERIVED_FILE_DIR)/Pods-kiliaroTestTests-checkManifestLockResult.txt",
			);
			runOnlyForDeploymentPostprocessing = 0;
			shellPath = /bin/sh;
			shellScript = "diff \"${PODS_PODFILE_DIR_PATH}/Podfile.lock\" \"${PODS_ROOT}/Manifest.lock\" > /dev/null\nif [ $? != 0 ] ; then\n    # print error to STDERR\n    echo \"error: The sandbox is not in sync with the Podfile.lock. Run 'pod install' or update your CocoaPods installation.\" >&2\n    exit 1\nfi\n# This output is used by Xcode 'outputs' to avoid re-running this script phase.\necho \"SUCCESS\" > \"${SCRIPT_OUTPUT_FILE_0}\"\n";
			showEnvVarsInLog = 0;
		};
		294B675C75DA32AF4E7B39D7 /* [CP] Embed Pods Frameworks */ = {
			isa = PBXShellScriptBuildPhase;
			buildActionMask = 2147483647;
			files = (
			);
			inputFileListPaths = (
				"${PODS_ROOT}/Target Support Files/Pods-kiliaroTest/Pods-kiliaroTest-frameworks-${CONFIGURATION}-input-files.xcfilelist",
			);
			name = "[CP] Embed Pods Frameworks";
			outputFileListPaths = (
				"${PODS_ROOT}/Target Support Files/Pods-kiliaroTest/Pods-kiliaroTest-frameworks-${CONFIGURATION}-output-files.xcfilelist",
			);
			runOnlyForDeploymentPostprocessing = 0;
			shellPath = /bin/sh;
			shellScript = "\"${PODS_ROOT}/Target Support Files/Pods-kiliaroTest/Pods-kiliaroTest-frameworks.sh\"\n";
			showEnvVarsInLog = 0;
		};
		31B3F87F842CC48072F69233 /* [CP] Check Pods Manifest.lock */ = {
			isa = PBXShellScriptBuildPhase;
			buildActionMask = 2147483647;
			files = (
			);
			inputFileListPaths = (
			);
			inputPaths = (
				"${PODS_PODFILE_DIR_PATH}/Podfile.lock",
				"${PODS_ROOT}/Manifest.lock",
			);
			name = "[CP] Check Pods Manifest.lock";
			outputFileListPaths = (
			);
			outputPaths = (
				"$(DERIVED_FILE_DIR)/Pods-kiliaroTest-kiliaroTestUITests-checkManifestLockResult.txt",
			);
			runOnlyForDeploymentPostprocessing = 0;
			shellPath = /bin/sh;
			shellScript = "diff \"${PODS_PODFILE_DIR_PATH}/Podfile.lock\" \"${PODS_ROOT}/Manifest.lock\" > /dev/null\nif [ $? != 0 ] ; then\n    # print error to STDERR\n    echo \"error: The sandbox is not in sync with the Podfile.lock. Run 'pod install' or update your CocoaPods installation.\" >&2\n    exit 1\nfi\n# This output is used by Xcode 'outputs' to avoid re-running this script phase.\necho \"SUCCESS\" > \"${SCRIPT_OUTPUT_FILE_0}\"\n";
			showEnvVarsInLog = 0;
		};
		345C4C4188F2F299E4FC112A /* [CP] Check Pods Manifest.lock */ = {
			isa = PBXShellScriptBuildPhase;
			buildActionMask = 2147483647;
			files = (
			);
			inputFileListPaths = (
			);
			inputPaths = (
				"${PODS_PODFILE_DIR_PATH}/Podfile.lock",
				"${PODS_ROOT}/Manifest.lock",
			);
			name = "[CP] Check Pods Manifest.lock";
			outputFileListPaths = (
			);
			outputPaths = (
				"$(DERIVED_FILE_DIR)/Pods-kiliaroTest-checkManifestLockResult.txt",
			);
			runOnlyForDeploymentPostprocessing = 0;
			shellPath = /bin/sh;
			shellScript = "diff \"${PODS_PODFILE_DIR_PATH}/Podfile.lock\" \"${PODS_ROOT}/Manifest.lock\" > /dev/null\nif [ $? != 0 ] ; then\n    # print error to STDERR\n    echo \"error: The sandbox is not in sync with the Podfile.lock. Run 'pod install' or update your CocoaPods installation.\" >&2\n    exit 1\nfi\n# This output is used by Xcode 'outputs' to avoid re-running this script phase.\necho \"SUCCESS\" > \"${SCRIPT_OUTPUT_FILE_0}\"\n";
			showEnvVarsInLog = 0;
		};
/* End PBXShellScriptBuildPhase section */

/* Begin PBXSourcesBuildPhase section */
		FA37FB3F292F70B0009CDF89 /* Sources */ = {
			isa = PBXSourcesBuildPhase;
			buildActionMask = 2147483647;
			files = (
				FA69DFC3292F734700990F57 /* handleResponse.swift in Sources */,
				FA37FB49292F70B1009CDF89 /* ContentView.swift in Sources */,
				FA69DFDB292F7D5300990F57 /* GalleryDataSource.swift in Sources */,
				FA69DFC5292F734700990F57 /* AuthService.swift in Sources */,
				FA37FB47292F70B1009CDF89 /* kiliaroTestApp.swift in Sources */,
				FA69DFC7292F734700990F57 /* BaseService.swift in Sources */,
				FA69DFC9292F734700990F57 /* Font.swift in Sources */,
				FA69DFD0292F77E700990F57 /* GalleryPage.swift in Sources */,
				FA69DFD3292F782700990F57 /* ImageModel.swift in Sources */,
				FA69DFD5292F7C3C00990F57 /* GalleryViewModel.swift in Sources */,
				FA69DFC8292F734700990F57 /* BaseApi.swift in Sources */,
				FA69DFDD292F861600990F57 /* GalleryRepository.swift in Sources */,
				FA69DFD8292F7CFC00990F57 /* GalleryRepositoryImpl.swift in Sources */,
				FA69DFCA292F734700990F57 /* ResponseError.swift in Sources */,
				FA69DFC4292F734700990F57 /* Token.swift in Sources */,
				FA69DFC6292F734700990F57 /* Constants.swift in Sources */,
			);
			runOnlyForDeploymentPostprocessing = 0;
		};
		FA37FB4F292F70B2009CDF89 /* Sources */ = {
			isa = PBXSourcesBuildPhase;
			buildActionMask = 2147483647;
			files = (
				FA37FB58292F70B2009CDF89 /* kiliaroTestTests.swift in Sources */,
			);
			runOnlyForDeploymentPostprocessing = 0;
		};
		FA37FB59292F70B2009CDF89 /* Sources */ = {
			isa = PBXSourcesBuildPhase;
			buildActionMask = 2147483647;
			files = (
				FA37FB64292F70B2009CDF89 /* kiliaroTestUITestsLaunchTests.swift in Sources */,
				FA37FB62292F70B2009CDF89 /* kiliaroTestUITests.swift in Sources */,
			);
			runOnlyForDeploymentPostprocessing = 0;
		};
/* End PBXSourcesBuildPhase section */

/* Begin PBXTargetDependency section */
		FA37FB55292F70B2009CDF89 /* PBXTargetDependency */ = {
			isa = PBXTargetDependency;
			target = FA37FB42292F70B0009CDF89 /* kiliaroTest */;
			targetProxy = FA37FB54292F70B2009CDF89 /* PBXContainerItemProxy */;
		};
		FA37FB5F292F70B2009CDF89 /* PBXTargetDependency */ = {
			isa = PBXTargetDependency;
			target = FA37FB42292F70B0009CDF89 /* kiliaroTest */;
			targetProxy = FA37FB5E292F70B2009CDF89 /* PBXContainerItemProxy */;
		};
/* End PBXTargetDependency section */

/* Begin XCBuildConfiguration section */
		FA37FB65292F70B2009CDF89 /* Debug */ = {
			isa = XCBuildConfiguration;
			buildSettings = {
				ALWAYS_SEARCH_USER_PATHS = NO;
				CLANG_ANALYZER_NONNULL = YES;
				CLANG_ANALYZER_NUMBER_OBJECT_CONVERSION = YES_AGGRESSIVE;
				CLANG_CXX_LANGUAGE_STANDARD = "gnu++20";
				CLANG_ENABLE_MODULES = YES;
				CLANG_ENABLE_OBJC_ARC = YES;
				CLANG_ENABLE_OBJC_WEAK = YES;
				CLANG_WARN_BLOCK_CAPTURE_AUTORELEASING = YES;
				CLANG_WARN_BOOL_CONVERSION = YES;
				CLANG_WARN_COMMA = YES;
				CLANG_WARN_CONSTANT_CONVERSION = YES;
				CLANG_WARN_DEPRECATED_OBJC_IMPLEMENTATIONS = YES;
				CLANG_WARN_DIRECT_OBJC_ISA_USAGE = YES_ERROR;
				CLANG_WARN_DOCUMENTATION_COMMENTS = YES;
				CLANG_WARN_EMPTY_BODY = YES;
				CLANG_WARN_ENUM_CONVERSION = YES;
				CLANG_WARN_INFINITE_RECURSION = YES;
				CLANG_WARN_INT_CONVERSION = YES;
				CLANG_WARN_NON_LITERAL_NULL_CONVERSION = YES;
				CLANG_WARN_OBJC_IMPLICIT_RETAIN_SELF = YES;
				CLANG_WARN_OBJC_LITERAL_CONVERSION = YES;
				CLANG_WARN_OBJC_ROOT_CLASS = YES_ERROR;
				CLANG_WARN_QUOTED_INCLUDE_IN_FRAMEWORK_HEADER = YES;
				CLANG_WARN_RANGE_LOOP_ANALYSIS = YES;
				CLANG_WARN_STRICT_PROTOTYPES = YES;
				CLANG_WARN_SUSPICIOUS_MOVE = YES;
				CLANG_WARN_UNGUARDED_AVAILABILITY = YES_AGGRESSIVE;
				CLANG_WARN_UNREACHABLE_CODE = YES;
				CLANG_WARN__DUPLICATE_METHOD_MATCH = YES;
				COPY_PHASE_STRIP = NO;
				DEBUG_INFORMATION_FORMAT = dwarf;
				ENABLE_STRICT_OBJC_MSGSEND = YES;
				ENABLE_TESTABILITY = YES;
				GCC_C_LANGUAGE_STANDARD = gnu11;
				GCC_DYNAMIC_NO_PIC = NO;
				GCC_NO_COMMON_BLOCKS = YES;
				GCC_OPTIMIZATION_LEVEL = 0;
				GCC_PREPROCESSOR_DEFINITIONS = (
					"DEBUG=1",
					"$(inherited)",
				);
				GCC_WARN_64_TO_32_BIT_CONVERSION = YES;
				GCC_WARN_ABOUT_RETURN_TYPE = YES_ERROR;
				GCC_WARN_UNDECLARED_SELECTOR = YES;
				GCC_WARN_UNINITIALIZED_AUTOS = YES_AGGRESSIVE;
				GCC_WARN_UNUSED_FUNCTION = YES;
				GCC_WARN_UNUSED_VARIABLE = YES;
				IPHONEOS_DEPLOYMENT_TARGET = 16.1;
				MTL_ENABLE_DEBUG_INFO = INCLUDE_SOURCE;
				MTL_FAST_MATH = YES;
				ONLY_ACTIVE_ARCH = YES;
				SDKROOT = iphoneos;
				SWIFT_ACTIVE_COMPILATION_CONDITIONS = DEBUG;
				SWIFT_OPTIMIZATION_LEVEL = "-Onone";
			};
			name = Debug;
		};
		FA37FB66292F70B2009CDF89 /* Release */ = {
			isa = XCBuildConfiguration;
			buildSettings = {
				ALWAYS_SEARCH_USER_PATHS = NO;
				CLANG_ANALYZER_NONNULL = YES;
				CLANG_ANALYZER_NUMBER_OBJECT_CONVERSION = YES_AGGRESSIVE;
				CLANG_CXX_LANGUAGE_STANDARD = "gnu++20";
				CLANG_ENABLE_MODULES = YES;
				CLANG_ENABLE_OBJC_ARC = YES;
				CLANG_ENABLE_OBJC_WEAK = YES;
				CLANG_WARN_BLOCK_CAPTURE_AUTORELEASING = YES;
				CLANG_WARN_BOOL_CONVERSION = YES;
				CLANG_WARN_COMMA = YES;
				CLANG_WARN_CONSTANT_CONVERSION = YES;
				CLANG_WARN_DEPRECATED_OBJC_IMPLEMENTATIONS = YES;
				CLANG_WARN_DIRECT_OBJC_ISA_USAGE = YES_ERROR;
				CLANG_WARN_DOCUMENTATION_COMMENTS = YES;
				CLANG_WARN_EMPTY_BODY = YES;
				CLANG_WARN_ENUM_CONVERSION = YES;
				CLANG_WARN_INFINITE_RECURSION = YES;
				CLANG_WARN_INT_CONVERSION = YES;
				CLANG_WARN_NON_LITERAL_NULL_CONVERSION = YES;
				CLANG_WARN_OBJC_IMPLICIT_RETAIN_SELF = YES;
				CLANG_WARN_OBJC_LITERAL_CONVERSION = YES;
				CLANG_WARN_OBJC_ROOT_CLASS = YES_ERROR;
				CLANG_WARN_QUOTED_INCLUDE_IN_FRAMEWORK_HEADER = YES;
				CLANG_WARN_RANGE_LOOP_ANALYSIS = YES;
				CLANG_WARN_STRICT_PROTOTYPES = YES;
				CLANG_WARN_SUSPICIOUS_MOVE = YES;
				CLANG_WARN_UNGUARDED_AVAILABILITY = YES_AGGRESSIVE;
				CLANG_WARN_UNREACHABLE_CODE = YES;
				CLANG_WARN__DUPLICATE_METHOD_MATCH = YES;
				COPY_PHASE_STRIP = NO;
				DEBUG_INFORMATION_FORMAT = "dwarf-with-dsym";
				ENABLE_NS_ASSERTIONS = NO;
				ENABLE_STRICT_OBJC_MSGSEND = YES;
				GCC_C_LANGUAGE_STANDARD = gnu11;
				GCC_NO_COMMON_BLOCKS = YES;
				GCC_WARN_64_TO_32_BIT_CONVERSION = YES;
				GCC_WARN_ABOUT_RETURN_TYPE = YES_ERROR;
				GCC_WARN_UNDECLARED_SELECTOR = YES;
				GCC_WARN_UNINITIALIZED_AUTOS = YES_AGGRESSIVE;
				GCC_WARN_UNUSED_FUNCTION = YES;
				GCC_WARN_UNUSED_VARIABLE = YES;
				IPHONEOS_DEPLOYMENT_TARGET = 16.1;
				MTL_ENABLE_DEBUG_INFO = NO;
				MTL_FAST_MATH = YES;
				SDKROOT = iphoneos;
				SWIFT_COMPILATION_MODE = wholemodule;
				SWIFT_OPTIMIZATION_LEVEL = "-O";
				VALIDATE_PRODUCT = YES;
			};
			name = Release;
		};
		FA37FB68292F70B2009CDF89 /* Debug */ = {
			isa = XCBuildConfiguration;
			baseConfigurationReference = 7C465AA8C364AFFC7396A653 /* Pods-kiliaroTest.debug.xcconfig */;
			buildSettings = {
				ASSETCATALOG_COMPILER_APPICON_NAME = AppIcon;
				ASSETCATALOG_COMPILER_GLOBAL_ACCENT_COLOR_NAME = AccentColor;
				CODE_SIGN_STYLE = Automatic;
				CURRENT_PROJECT_VERSION = 1;
				DEVELOPMENT_ASSET_PATHS = "\"kiliaroTest/Preview Content\"";
				DEVELOPMENT_TEAM = VP8H8855PE;
				ENABLE_PREVIEWS = YES;
				GENERATE_INFOPLIST_FILE = YES;
				INFOPLIST_KEY_UIApplicationSceneManifest_Generation = YES;
				INFOPLIST_KEY_UIApplicationSupportsIndirectInputEvents = YES;
				INFOPLIST_KEY_UILaunchScreen_Generation = YES;
				INFOPLIST_KEY_UISupportedInterfaceOrientations_iPad = "UIInterfaceOrientationPortrait UIInterfaceOrientationPortraitUpsideDown UIInterfaceOrientationLandscapeLeft UIInterfaceOrientationLandscapeRight";
				INFOPLIST_KEY_UISupportedInterfaceOrientations_iPhone = "UIInterfaceOrientationPortrait UIInterfaceOrientationLandscapeLeft UIInterfaceOrientationLandscapeRight";
				LD_RUNPATH_SEARCH_PATHS = (
					"$(inherited)",
					"@executable_path/Frameworks",
				);
				MARKETING_VERSION = 1.0;
				PRODUCT_BUNDLE_IDENTIFIER = ir.behrooz.kiliaroTest;
				PRODUCT_NAME = "$(TARGET_NAME)";
				SWIFT_EMIT_LOC_STRINGS = YES;
				SWIFT_VERSION = 5.0;
				TARGETED_DEVICE_FAMILY = "1,2";
			};
			name = Debug;
		};
		FA37FB69292F70B2009CDF89 /* Release */ = {
			isa = XCBuildConfiguration;
			baseConfigurationReference = 0001599A531FDE530F9FF54A /* Pods-kiliaroTest.release.xcconfig */;
			buildSettings = {
				ASSETCATALOG_COMPILER_APPICON_NAME = AppIcon;
				ASSETCATALOG_COMPILER_GLOBAL_ACCENT_COLOR_NAME = AccentColor;
				CODE_SIGN_STYLE = Automatic;
				CURRENT_PROJECT_VERSION = 1;
				DEVELOPMENT_ASSET_PATHS = "\"kiliaroTest/Preview Content\"";
				DEVELOPMENT_TEAM = VP8H8855PE;
				ENABLE_PREVIEWS = YES;
				GENERATE_INFOPLIST_FILE = YES;
				INFOPLIST_KEY_UIApplicationSceneManifest_Generation = YES;
				INFOPLIST_KEY_UIApplicationSupportsIndirectInputEvents = YES;
				INFOPLIST_KEY_UILaunchScreen_Generation = YES;
				INFOPLIST_KEY_UISupportedInterfaceOrientations_iPad = "UIInterfaceOrientationPortrait UIInterfaceOrientationPortraitUpsideDown UIInterfaceOrientationLandscapeLeft UIInterfaceOrientationLandscapeRight";
				INFOPLIST_KEY_UISupportedInterfaceOrientations_iPhone = "UIInterfaceOrientationPortrait UIInterfaceOrientationLandscapeLeft UIInterfaceOrientationLandscapeRight";
				LD_RUNPATH_SEARCH_PATHS = (
					"$(inherited)",
					"@executable_path/Frameworks",
				);
				MARKETING_VERSION = 1.0;
				PRODUCT_BUNDLE_IDENTIFIER = ir.behrooz.kiliaroTest;
				PRODUCT_NAME = "$(TARGET_NAME)";
				SWIFT_EMIT_LOC_STRINGS = YES;
				SWIFT_VERSION = 5.0;
				TARGETED_DEVICE_FAMILY = "1,2";
			};
			name = Release;
		};
		FA37FB6B292F70B2009CDF89 /* Debug */ = {
			isa = XCBuildConfiguration;
			baseConfigurationReference = 624AF79F3D32DB185E90449F /* Pods-kiliaroTestTests.debug.xcconfig */;
			buildSettings = {
				ALWAYS_EMBED_SWIFT_STANDARD_LIBRARIES = YES;
				BUNDLE_LOADER = "$(TEST_HOST)";
				CODE_SIGN_STYLE = Automatic;
				CURRENT_PROJECT_VERSION = 1;
				DEVELOPMENT_TEAM = VP8H8855PE;
				GENERATE_INFOPLIST_FILE = YES;
				IPHONEOS_DEPLOYMENT_TARGET = 16.1;
				MARKETING_VERSION = 1.0;
				PRODUCT_BUNDLE_IDENTIFIER = ir.behrooz.kiliaroTestTests;
				PRODUCT_NAME = "$(TARGET_NAME)";
				SWIFT_EMIT_LOC_STRINGS = NO;
				SWIFT_VERSION = 5.0;
				TARGETED_DEVICE_FAMILY = "1,2";
				TEST_HOST = "$(BUILT_PRODUCTS_DIR)/kiliaroTest.app/$(BUNDLE_EXECUTABLE_FOLDER_PATH)/kiliaroTest";
			};
			name = Debug;
		};
		FA37FB6C292F70B2009CDF89 /* Release */ = {
			isa = XCBuildConfiguration;
			baseConfigurationReference = 790573BDF75FAD31D5E782DB /* Pods-kiliaroTestTests.release.xcconfig */;
			buildSettings = {
				ALWAYS_EMBED_SWIFT_STANDARD_LIBRARIES = YES;
				BUNDLE_LOADER = "$(TEST_HOST)";
				CODE_SIGN_STYLE = Automatic;
				CURRENT_PROJECT_VERSION = 1;
				DEVELOPMENT_TEAM = VP8H8855PE;
				GENERATE_INFOPLIST_FILE = YES;
				IPHONEOS_DEPLOYMENT_TARGET = 16.1;
				MARKETING_VERSION = 1.0;
				PRODUCT_BUNDLE_IDENTIFIER = ir.behrooz.kiliaroTestTests;
				PRODUCT_NAME = "$(TARGET_NAME)";
				SWIFT_EMIT_LOC_STRINGS = NO;
				SWIFT_VERSION = 5.0;
				TARGETED_DEVICE_FAMILY = "1,2";
				TEST_HOST = "$(BUILT_PRODUCTS_DIR)/kiliaroTest.app/$(BUNDLE_EXECUTABLE_FOLDER_PATH)/kiliaroTest";
			};
			name = Release;
		};
		FA37FB6E292F70B2009CDF89 /* Debug */ = {
			isa = XCBuildConfiguration;
			baseConfigurationReference = 905560BA046B40432A1B680B /* Pods-kiliaroTest-kiliaroTestUITests.debug.xcconfig */;
			buildSettings = {
				ALWAYS_EMBED_SWIFT_STANDARD_LIBRARIES = YES;
				CODE_SIGN_STYLE = Automatic;
				CURRENT_PROJECT_VERSION = 1;
				DEVELOPMENT_TEAM = VP8H8855PE;
				GENERATE_INFOPLIST_FILE = YES;
				MARKETING_VERSION = 1.0;
				PRODUCT_BUNDLE_IDENTIFIER = ir.behrooz.kiliaroTestUITests;
				PRODUCT_NAME = "$(TARGET_NAME)";
				SWIFT_EMIT_LOC_STRINGS = NO;
				SWIFT_VERSION = 5.0;
				TARGETED_DEVICE_FAMILY = "1,2";
				TEST_TARGET_NAME = kiliaroTest;
			};
			name = Debug;
		};
		FA37FB6F292F70B2009CDF89 /* Release */ = {
			isa = XCBuildConfiguration;
			baseConfigurationReference = ACC695954E99837B0AF6690E /* Pods-kiliaroTest-kiliaroTestUITests.release.xcconfig */;
			buildSettings = {
				ALWAYS_EMBED_SWIFT_STANDARD_LIBRARIES = YES;
				CODE_SIGN_STYLE = Automatic;
				CURRENT_PROJECT_VERSION = 1;
				DEVELOPMENT_TEAM = VP8H8855PE;
				GENERATE_INFOPLIST_FILE = YES;
				MARKETING_VERSION = 1.0;
				PRODUCT_BUNDLE_IDENTIFIER = ir.behrooz.kiliaroTestUITests;
				PRODUCT_NAME = "$(TARGET_NAME)";
				SWIFT_EMIT_LOC_STRINGS = NO;
				SWIFT_VERSION = 5.0;
				TARGETED_DEVICE_FAMILY = "1,2";
				TEST_TARGET_NAME = kiliaroTest;
			};
			name = Release;
		};
/* End XCBuildConfiguration section */

/* Begin XCConfigurationList section */
		FA37FB3E292F70B0009CDF89 /* Build configuration list for PBXProject "kiliaroTest" */ = {
			isa = XCConfigurationList;
			buildConfigurations = (
				FA37FB65292F70B2009CDF89 /* Debug */,
				FA37FB66292F70B2009CDF89 /* Release */,
			);
			defaultConfigurationIsVisible = 0;
			defaultConfigurationName = Release;
		};
		FA37FB67292F70B2009CDF89 /* Build configuration list for PBXNativeTarget "kiliaroTest" */ = {
			isa = XCConfigurationList;
			buildConfigurations = (
				FA37FB68292F70B2009CDF89 /* Debug */,
				FA37FB69292F70B2009CDF89 /* Release */,
			);
			defaultConfigurationIsVisible = 0;
			defaultConfigurationName = Release;
		};
		FA37FB6A292F70B2009CDF89 /* Build configuration list for PBXNativeTarget "kiliaroTestTests" */ = {
			isa = XCConfigurationList;
			buildConfigurations = (
				FA37FB6B292F70B2009CDF89 /* Debug */,
				FA37FB6C292F70B2009CDF89 /* Release */,
			);
			defaultConfigurationIsVisible = 0;
			defaultConfigurationName = Release;
		};
		FA37FB6D292F70B2009CDF89 /* Build configuration list for PBXNativeTarget "kiliaroTestUITests" */ = {
			isa = XCConfigurationList;
			buildConfigurations = (
				FA37FB6E292F70B2009CDF89 /* Debug */,
				FA37FB6F292F70B2009CDF89 /* Release */,
			);
			defaultConfigurationIsVisible = 0;
			defaultConfigurationName = Release;
		};
/* End XCConfigurationList section */
	};
	rootObject = FA37FB3B292F70B0009CDF89 /* Project object */;
}
